// !$*UTF8*$!
{
	archiveVersion = 1;
	classes = {
	};
	objectVersion = 46;
	objects = {

/* Begin PBXBuildFile section */
		3A0181662405B3082545FE90 /* libPods-TTLogin_Category.a in Frameworks */ = {isa = PBXBuildFile; fileRef = D037C9C623A43E05F827E719 /* libPods-TTLogin_Category.a */; };
		ED31A2A91E894FEC00E058B8 /* main.m in Sources */ = {isa = PBXBuildFile; fileRef = ED31A2A81E894FEC00E058B8 /* main.m */; };
		ED31A2AC1E894FEC00E058B8 /* AppDelegate.m in Sources */ = {isa = PBXBuildFile; fileRef = ED31A2AB1E894FEC00E058B8 /* AppDelegate.m */; };
		ED31A2AF1E894FEC00E058B8 /* FirstViewController.m in Sources */ = {isa = PBXBuildFile; fileRef = ED31A2AE1E894FEC00E058B8 /* FirstViewController.m */; };
		ED31A2B21E894FEC00E058B8 /* SecondViewController.m in Sources */ = {isa = PBXBuildFile; fileRef = ED31A2B11E894FEC00E058B8 /* SecondViewController.m */; };
		ED31A2B51E894FEC00E058B8 /* Main.storyboard in Resources */ = {isa = PBXBuildFile; fileRef = ED31A2B31E894FEC00E058B8 /* Main.storyboard */; };
		ED31A2B71E894FEC00E058B8 /* Assets.xcassets in Resources */ = {isa = PBXBuildFile; fileRef = ED31A2B61E894FEC00E058B8 /* Assets.xcassets */; };
		ED31A2BA1E894FEC00E058B8 /* LaunchScreen.storyboard in Resources */ = {isa = PBXBuildFile; fileRef = ED31A2B81E894FEC00E058B8 /* LaunchScreen.storyboard */; };
		ED31A2C41E8951C500E058B8 /* CTMediator+TTLogin.m in Sources */ = {isa = PBXBuildFile; fileRef = ED31A2C31E8951C500E058B8 /* CTMediator+TTLogin.m */; };
/* End PBXBuildFile section */

/* Begin PBXFileReference section */
		081864316DF27210346D1892 /* Pods-TTLogin_Category.debug.xcconfig */ = {isa = PBXFileReference; includeInIndex = 1; lastKnownFileType = text.xcconfig; name = "Pods-TTLogin_Category.debug.xcconfig"; path = "Pods/Target Support Files/Pods-TTLogin_Category/Pods-TTLogin_Category.debug.xcconfig"; sourceTree = "<group>"; };
		52251A24AFD32F4679443C99 /* Pods-TTLogin_Category.release.xcconfig */ = {isa = PBXFileReference; includeInIndex = 1; lastKnownFileType = text.xcconfig; name = "Pods-TTLogin_Category.release.xcconfig"; path = "Pods/Target Support Files/Pods-TTLogin_Category/Pods-TTLogin_Category.release.xcconfig"; sourceTree = "<group>"; };
		D037C9C623A43E05F827E719 /* libPods-TTLogin_Category.a */ = {isa = PBXFileReference; explicitFileType = archive.ar; includeInIndex = 0; path = "libPods-TTLogin_Category.a"; sourceTree = BUILT_PRODUCTS_DIR; };
		ED31A2A41E894FEC00E058B8 /* TTLogin_Category.app */ = {isa = PBXFileReference; explicitFileType = wrapper.application; includeInIndex = 0; path = TTLogin_Category.app; sourceTree = BUILT_PRODUCTS_DIR; };
		ED31A2A81E894FEC00E058B8 /* main.m */ = {isa = PBXFileReference; lastKnownFileType = sourcecode.c.objc; path = main.m; sourceTree = "<group>"; };
		ED31A2AA1E894FEC00E058B8 /* AppDelegate.h */ = {isa = PBXFileReference; lastKnownFileType = sourcecode.c.h; path = AppDelegate.h; sourceTree = "<group>"; };
		ED31A2AB1E894FEC00E058B8 /* AppDelegate.m */ = {isa = PBXFileReference; lastKnownFileType = sourcecode.c.objc; path = AppDelegate.m; sourceTree = "<group>"; };
		ED31A2AD1E894FEC00E058B8 /* FirstViewController.h */ = {isa = PBXFileReference; lastKnownFileType = sourcecode.c.h; path = FirstViewController.h; sourceTree = "<group>"; };
		ED31A2AE1E894FEC00E058B8 /* FirstViewController.m */ = {isa = PBXFileReference; lastKnownFileType = sourcecode.c.objc; path = FirstViewController.m; sourceTree = "<group>"; };
		ED31A2B01E894FEC00E058B8 /* SecondViewController.h */ = {isa = PBXFileReference; lastKnownFileType = sourcecode.c.h; path = SecondViewController.h; sourceTree = "<group>"; };
		ED31A2B11E894FEC00E058B8 /* SecondViewController.m */ = {isa = PBXFileReference; lastKnownFileType = sourcecode.c.objc; path = SecondViewController.m; sourceTree = "<group>"; };
		ED31A2B41E894FEC00E058B8 /* Base */ = {isa = PBXFileReference; lastKnownFileType = file.storyboard; name = Base; path = Base.lproj/Main.storyboard; sourceTree = "<group>"; };
		ED31A2B61E894FEC00E058B8 /* Assets.xcassets */ = {isa = PBXFileReference; lastKnownFileType = folder.assetcatalog; path = Assets.xcassets; sourceTree = "<group>"; };
		ED31A2B91E894FEC00E058B8 /* Base */ = {isa = PBXFileReference; lastKnownFileType = file.storyboard; name = Base; path = Base.lproj/LaunchScreen.storyboard; sourceTree = "<group>"; };
		ED31A2BB1E894FEC00E058B8 /* Info.plist */ = {isa = PBXFileReference; lastKnownFileType = text.plist.xml; path = Info.plist; sourceTree = "<group>"; };
		ED31A2C21E8951C500E058B8 /* CTMediator+TTLogin.h */ = {isa = PBXFileReference; fileEncoding = 4; lastKnownFileType = sourcecode.c.h; path = "CTMediator+TTLogin.h"; sourceTree = "<group>"; };
		ED31A2C31E8951C500E058B8 /* CTMediator+TTLogin.m */ = {isa = PBXFileReference; fileEncoding = 4; lastKnownFileType = sourcecode.c.objc; path = "CTMediator+TTLogin.m"; sourceTree = "<group>"; };
/* End PBXFileReference section */

/* Begin PBXFrameworksBuildPhase section */
		ED31A2A11E894FEC00E058B8 /* Frameworks */ = {
			isa = PBXFrameworksBuildPhase;
			buildActionMask = 2147483647;
			files = (
				3A0181662405B3082545FE90 /* libPods-TTLogin_Category.a in Frameworks */,
			);
			runOnlyForDeploymentPostprocessing = 0;
		};
/* End PBXFrameworksBuildPhase section */

/* Begin PBXGroup section */
		02E0301C7CD440D93D1184BC /* Pods */ = {
			isa = PBXGroup;
			children = (
				081864316DF27210346D1892 /* Pods-TTLogin_Category.debug.xcconfig */,
				52251A24AFD32F4679443C99 /* Pods-TTLogin_Category.release.xcconfig */,
			);
			name = Pods;
			sourceTree = "<group>";
		};
		CEE77C1AE43C84F4098758FB /* Frameworks */ = {
			isa = PBXGroup;
			children = (
				D037C9C623A43E05F827E719 /* libPods-TTLogin_Category.a */,
			);
			name = Frameworks;
			sourceTree = "<group>";
		};
		ED31A29B1E894FEC00E058B8 = {
			isa = PBXGroup;
			children = (
				ED31A2A61E894FEC00E058B8 /* TTLogin_Category */,
				ED31A2A51E894FEC00E058B8 /* Products */,
				02E0301C7CD440D93D1184BC /* Pods */,
				CEE77C1AE43C84F4098758FB /* Frameworks */,
			);
			sourceTree = "<group>";
		};
		ED31A2A51E894FEC00E058B8 /* Products */ = {
			isa = PBXGroup;
			children = (
				ED31A2A41E894FEC00E058B8 /* TTLogin_Category.app */,
			);
			name = Products;
			sourceTree = "<group>";
		};
		ED31A2A61E894FEC00E058B8 /* TTLogin_Category */ = {
			isa = PBXGroup;
			children = (
				ED31A2C11E89516800E058B8 /* TTLogin_Category */,
				ED31A2AA1E894FEC00E058B8 /* AppDelegate.h */,
				ED31A2AB1E894FEC00E058B8 /* AppDelegate.m */,
				ED31A2AD1E894FEC00E058B8 /* FirstViewController.h */,
				ED31A2AE1E894FEC00E058B8 /* FirstViewController.m */,
				ED31A2B01E894FEC00E058B8 /* SecondViewController.h */,
				ED31A2B11E894FEC00E058B8 /* SecondViewController.m */,
				ED31A2B31E894FEC00E058B8 /* Main.storyboard */,
				ED31A2B61E894FEC00E058B8 /* Assets.xcassets */,
				ED31A2B81E894FEC00E058B8 /* LaunchScreen.storyboard */,
				ED31A2BB1E894FEC00E058B8 /* Info.plist */,
				ED31A2A71E894FEC00E058B8 /* Supporting Files */,
			);
			path = TTLogin_Category;
			sourceTree = "<group>";
		};
		ED31A2A71E894FEC00E058B8 /* Supporting Files */ = {
			isa = PBXGroup;
			children = (
				ED31A2A81E894FEC00E058B8 /* main.m */,
			);
			name = "Supporting Files";
			sourceTree = "<group>";
		};
		ED31A2C11E89516800E058B8 /* TTLogin_Category */ = {
			isa = PBXGroup;
			children = (
				ED31A2C21E8951C500E058B8 /* CTMediator+TTLogin.h */,
				ED31A2C31E8951C500E058B8 /* CTMediator+TTLogin.m */,
			);
			path = TTLogin_Category;
			sourceTree = "<group>";
		};
/* End PBXGroup section */

/* Begin PBXNativeTarget section */
		ED31A2A31E894FEC00E058B8 /* TTLogin_Category */ = {
			isa = PBXNativeTarget;
			buildConfigurationList = ED31A2BE1E894FEC00E058B8 /* Build configuration list for PBXNativeTarget "TTLogin_Category" */;
			buildPhases = (
				F1C986617DE915ADA913404F /* [CP] Check Pods Manifest.lock */,
				ED31A2A01E894FEC00E058B8 /* Sources */,
				ED31A2A11E894FEC00E058B8 /* Frameworks */,
				ED31A2A21E894FEC00E058B8 /* Resources */,
				17904E286E219DBE785A0188 /* [CP] Embed Pods Frameworks */,
				051D1895F150DFD26E57B71C /* [CP] Copy Pods Resources */,
			);
			buildRules = (
			);
			dependencies = (
			);
			name = TTLogin_Category;
			productName = TTLogin_Category;
			productReference = ED31A2A41E894FEC00E058B8 /* TTLogin_Category.app */;
			productType = "com.apple.product-type.application";
		};
/* End PBXNativeTarget section */

/* Begin PBXProject section */
		ED31A29C1E894FEC00E058B8 /* Project object */ = {
			isa = PBXProject;
			attributes = {
				LastUpgradeCheck = 0820;
				ORGANIZATIONNAME = demo;
				TargetAttributes = {
					ED31A2A31E894FEC00E058B8 = {
						CreatedOnToolsVersion = 8.2.1;
						DevelopmentTeam = ZWR8MWYL3V;
						ProvisioningStyle = Automatic;
					};
				};
			};
			buildConfigurationList = ED31A29F1E894FEC00E058B8 /* Build configuration list for PBXProject "TTLogin_Category" */;
			compatibilityVersion = "Xcode 3.2";
			developmentRegion = English;
			hasScannedForEncodings = 0;
			knownRegions = (
				en,
				Base,
			);
			mainGroup = ED31A29B1E894FEC00E058B8;
			productRefGroup = ED31A2A51E894FEC00E058B8 /* Products */;
			projectDirPath = "";
			projectRoot = "";
			targets = (
				ED31A2A31E894FEC00E058B8 /* TTLogin_Category */,
			);
		};
/* End PBXProject section */

/* Begin PBXResourcesBuildPhase section */
		ED31A2A21E894FEC00E058B8 /* Resources */ = {
			isa = PBXResourcesBuildPhase;
			buildActionMask = 2147483647;
			files = (
				ED31A2BA1E894FEC00E058B8 /* LaunchScreen.storyboard in Resources */,
				ED31A2B71E894FEC00E058B8 /* Assets.xcassets in Resources */,
				ED31A2B51E894FEC00E058B8 /* Main.storyboard in Resources */,
			);
			runOnlyForDeploymentPostprocessing = 0;
		};
/* End PBXResourcesBuildPhase section */

/* Begin PBXShellScriptBuildPhase section */
		051D1895F150DFD26E57B71C /* [CP] Copy Pods Resources */ = {
			isa = PBXShellScriptBuildPhase;
			buildActionMask = 2147483647;
			files = (
			);
			inputPaths = (
			);
			name = "[CP] Copy Pods Resources";
			outputPaths = (
			);
			runOnlyForDeploymentPostprocessing = 0;
			shellPath = /bin/sh;
			shellScript = "\"${SRCROOT}/Pods/Target Support Files/Pods-TTLogin_Category/Pods-TTLogin_Category-resources.sh\"\n";
			showEnvVarsInLog = 0;
		};
		17904E286E219DBE785A0188 /* [CP] Embed Pods Frameworks */ = {
			isa = PBXShellScriptBuildPhase;
			buildActionMask = 2147483647;
			files = (
			);
			inputPaths = (
			);
			name = "[CP] Embed Pods Frameworks";
			outputPaths = (
			);
			runOnlyForDeploymentPostprocessing = 0;
			shellPath = /bin/sh;
			shellScript = "\"${SRCROOT}/Pods/Target Support Files/Pods-TTLogin_Category/Pods-TTLogin_Category-frameworks.sh\"\n";
			showEnvVarsInLog = 0;
		};
		F1C986617DE915ADA913404F /* [CP] Check Pods Manifest.lock */ = {
			isa = PBXShellScriptBuildPhase;
			buildActionMask = 2147483647;
			files = (
			);
			inputPaths = (
			);
			name = "[CP] Check Pods Manifest.lock";
			outputPaths = (
			);
			runOnlyForDeploymentPostprocessing = 0;
			shellPath = /bin/sh;
			shellScript = "diff \"${PODS_ROOT}/../Podfile.lock\" \"${PODS_ROOT}/Manifest.lock\" > /dev/null\nif [ $? != 0 ] ; then\n    # print error to STDERR\n    echo \"error: The sandbox is not in sync with the Podfile.lock. Run 'pod install' or update your CocoaPods installation.\" >&2\n    exit 1\nfi\n";
			showEnvVarsInLog = 0;
		};
/* End PBXShellScriptBuildPhase section */

/* Begin PBXSourcesBuildPhase section */
		ED31A2A01E894FEC00E058B8 /* Sources */ = {
			isa = PBXSourcesBuildPhase;
			buildActionMask = 2147483647;
			files = (
				ED31A2C41E8951C500E058B8 /* CTMediator+TTLogin.m in Sources */,
				ED31A2B21E894FEC00E058B8 /* SecondViewController.m in Sources */,
				ED31A2AC1E894FEC00E058B8 /* AppDelegate.m in Sources */,
				ED31A2AF1E894FEC00E058B8 /* FirstViewController.m in Sources */,
				ED31A2A91E894FEC00E058B8 /* main.m in Sources */,
			);
			runOnlyForDeploymentPostprocessing = 0;
		};
/* End PBXSourcesBuildPhase section */

/* Begin PBXVariantGroup section */
		ED31A2B31E894FEC00E058B8 /* Main.storyboard */ = {
			isa = PBXVariantGroup;
			children = (
				ED31A2B41E894FEC00E058B8 /* Base */,
			);
			name = Main.storyboard;
			sourceTree = "<group>";
		};
		ED31A2B81E894FEC00E058B8 /* LaunchScreen.storyboard */ = {
			isa = PBXVariantGroup;
			children = (
				ED31A2B91E894FEC00E058B8 /* Base */,
			);
			name = LaunchScreen.storyboard;
			sourceTree = "<group>";
		};
/* End PBXVariantGroup section */

/* Begin XCBuildConfiguration section */
		ED31A2BC1E894FEC00E058B8 /* Debug */ = {
			isa = XCBuildConfiguration;
			buildSettings = {
				ALWAYS_SEARCH_USER_PATHS = NO;
				CLANG_ANALYZER_NONNULL = YES;
				CLANG_CXX_LANGUAGE_STANDARD = "gnu++0x";
				CLANG_CXX_LIBRARY = "libc++";
				CLANG_ENABLE_MODULES = YES;
				CLANG_ENABLE_OBJC_ARC = YES;
				CLANG_WARN_BOOL_CONVERSION = YES;
				CLANG_WARN_CONSTANT_CONVERSION = YES;
				CLANG_WARN_DIRECT_OBJC_ISA_USAGE = YES_ERROR;
				CLANG_WARN_DOCUMENTATION_COMMENTS = YES;
				CLANG_WARN_EMPTY_BODY = YES;
				CLANG_WARN_ENUM_CONVERSION = YES;
				CLANG_WARN_INFINITE_RECURSION = YES;
				CLANG_WARN_INT_CONVERSION = YES;
				CLANG_WARN_OBJC_ROOT_CLASS = YES_ERROR;
				CLANG_WARN_SUSPICIOUS_MOVE = YES;
				CLANG_WARN_UNREACHABLE_CODE = YES;
				CLANG_WARN__DUPLICATE_METHOD_MATCH = YES;
				"CODE_SIGN_IDENTITY[sdk=iphoneos*]" = "iPhone Developer";
				COPY_PHASE_STRIP = NO;
				DEBUG_INFORMATION_FORMAT = dwarf;
				ENABLE_STRICT_OBJC_MSGSEND = YES;
				ENABLE_TESTABILITY = YES;
				GCC_C_LANGUAGE_STANDARD = gnu99;
				GCC_DYNAMIC_NO_PIC = NO;
				GCC_NO_COMMON_BLOCKS = YES;
				GCC_OPTIMIZATION_LEVEL = 0;
				GCC_PREPROCESSOR_DEFINITIONS = (
					"DEBUG=1",
					"$(inherited)",
				);
				GCC_WARN_64_TO_32_BIT_CONVERSION = YES;
				GCC_WARN_ABOUT_RETURN_TYPE = YES_ERROR;
				GCC_WARN_UNDECLARED_SELECTOR = YES;
				GCC_WARN_UNINITIALIZED_AUTOS = YES_AGGRESSIVE;
				GCC_WARN_UNUSED_FUNCTION = YES;
				GCC_WARN_UNUSED_VARIABLE = YES;
				IPHONEOS_DEPLOYMENT_TARGET = 10.2;
				MTL_ENABLE_DEBUG_INFO = YES;
				ONLY_ACTIVE_ARCH = YES;
				SDKROOT = iphoneos;
			};
			name = Debug;
		};
		ED31A2BD1E894FEC00E058B8 /* Release */ = {
			isa = XCBuildConfiguration;
			buildSettings = {
				ALWAYS_SEARCH_USER_PATHS = NO;
				CLANG_ANALYZER_NONNULL = YES;
				CLANG_CXX_LANGUAGE_STANDARD = "gnu++0x";
				CLANG_CXX_LIBRARY = "libc++";
				CLANG_ENABLE_MODULES = YES;
				CLANG_ENABLE_OBJC_ARC = YES;
				CLANG_WARN_BOOL_CONVERSION = YES;
				CLANG_WARN_CONSTANT_CONVERSION = YES;
				CLANG_WARN_DIRECT_OBJC_ISA_USAGE = YES_ERROR;
				CLANG_WARN_DOCUMENTATION_COMMENTS = YES;
				CLANG_WARN_EMPTY_BODY = YES;
				CLANG_WARN_ENUM_CONVERSION = YES;
				CLANG_WARN_INFINITE_RECURSION = YES;
				CLANG_WARN_INT_CONVERSION = YES;
				CLANG_WARN_OBJC_ROOT_CLASS = YES_ERROR;
				CLANG_WARN_SUSPICIOUS_MOVE = YES;
				CLANG_WARN_UNREACHABLE_CODE = YES;
				CLANG_WARN__DUPLICATE_METHOD_MATCH = YES;
				"CODE_SIGN_IDENTITY[sdk=iphoneos*]" = "iPhone Developer";
				COPY_PHASE_STRIP = NO;
				DEBUG_INFORMATION_FORMAT = "dwarf-with-dsym";
				ENABLE_NS_ASSERTIONS = NO;
				ENABLE_STRICT_OBJC_MSGSEND = YES;
				GCC_C_LANGUAGE_STANDARD = gnu99;
				GCC_NO_COMMON_BLOCKS = YES;
				GCC_WARN_64_TO_32_BIT_CONVERSION = YES;
				GCC_WARN_ABOUT_RETURN_TYPE = YES_ERROR;
				GCC_WARN_UNDECLARED_SELECTOR = YES;
				GCC_WARN_UNINITIALIZED_AUTOS = YES_AGGRESSIVE;
				GCC_WARN_UNUSED_FUNCTION = YES;
				GCC_WARN_UNUSED_VARIABLE = YES;
				IPHONEOS_DEPLOYMENT_TARGET = 10.2;
				MTL_ENABLE_DEBUG_INFO = NO;
				SDKROOT = iphoneos;
				VALIDATE_PRODUCT = YES;
			};
			name = Release;
		};
		ED31A2BF1E894FEC00E058B8 /* Debug */ = {
			isa = XCBuildConfiguration;
			baseConfigurationReference = 081864316DF27210346D1892 /* Pods-TTLogin_Category.debug.xcconfig */;
			buildSettings = {
				ASSETCATALOG_COMPILER_APPICON_NAME = AppIcon;
				DEVELOPMENT_TEAM = ZWR8MWYL3V;
				INFOPLIST_FILE = TTLogin_Category/Info.plist;
				LD_RUNPATH_SEARCH_PATHS = "$(inherited) @executable_path/Frameworks";
				PRODUCT_BUNDLE_IDENTIFIER = "demo.TTLogin-Category";
				PRODUCT_NAME = "$(TARGET_NAME)";
			};
			name = Debug;
		};
		ED31A2C01E894FEC00E058B8 /* Release */ = {
			isa = XCBuildConfiguration;
			baseConfigurationReference = 52251A24AFD32F4679443C99 /* Pods-TTLogin_Category.release.xcconfig */;
			buildSettings = {
				ASSETCATALOG_COMPILER_APPICON_NAME = AppIcon;
				DEVELOPMENT_TEAM = ZWR8MWYL3V;
				INFOPLIST_FILE = TTLogin_Category/Info.plist;
				LD_RUNPATH_SEARCH_PATHS = "$(inherited) @executable_path/Frameworks";
				PRODUCT_BUNDLE_IDENTIFIER = "demo.TTLogin-Category";
				PRODUCT_NAME = "$(TARGET_NAME)";
			};
			name = Release;
		};
/* End XCBuildConfiguration section */

/* Begin XCConfigurationList section */
		ED31A29F1E894FEC00E058B8 /* Build configuration list for PBXProject "TTLogin_Category" */ = {
			isa = XCConfigurationList;
			buildConfigurations = (
				ED31A2BC1E894FEC00E058B8 /* Debug */,
				ED31A2BD1E894FEC00E058B8 /* Release */,
			);
			defaultConfigurationIsVisible = 0;
			defaultConfigurationName = Release;
		};
		ED31A2BE1E894FEC00E058B8 /* Build configuration list for PBXNativeTarget "TTLogin_Category" */ = {
			isa = XCConfigurationList;
			buildConfigurations = (
				ED31A2BF1E894FEC00E058B8 /* Debug */,
				ED31A2C01E894FEC00E058B8 /* Release */,
			);
			defaultConfigurationIsVisible = 0;
			defaultConfigurationName = Release;
		};
/* End XCConfigurationList section */
	};
	rootObject = ED31A29C1E894FEC00E058B8 /* Project object */;
}
